
Microsoft Visual Studio Solution File, Format Version 12.00
# Visual Studio Version 16
VisualStudioVersion = 16.0.31702.278
MinimumVisualStudioVersion = 10.0.40219.1
Project("{FAE04EC0-301F-11D3-BF4B-00C04F79EFBC}") = "TemaASC_AutomatDeVanzari", "TemaASC_AutomatDeVanzari\TemaASC_AutomatDeVanzari.csproj", "{FB6A16D2-433C-4C10-9DA3-3C4481276E31}"
EndProject
Global
	GlobalSection(SolutionConfigurationPlatforms) = preSolution
		Debug|Any CPU = Debug|Any CPU
		Release|Any CPU = Release|Any CPU
	EndGlobalSection
	GlobalSection(ProjectConfigurationPlatforms) = postSolution
		{FB6A16D2-433C-4C10-9DA3-3C4481276E31}.Debug|Any CPU.ActiveCfg = Debug|Any CPU
		{FB6A16D2-433C-4C10-9DA3-3C4481276E31}.Debug|Any CPU.Build.0 = Debug|Any CPU
		{FB6A16D2-433C-4C10-9DA3-3C4481276E31}.Release|Any CPU.ActiveCfg = Release|Any CPU
		{FB6A16D2-433C-4C10-9DA3-3C4481276E31}.Release|Any CPU.Build.0 = Release|Any CPU
	EndGlobalSection
	GlobalSection(SolutionProperties) = preSolution
		HideSolutionNode = FALSE
	EndGlobalSection
	GlobalSection(ExtensibilityGlobals) = postSolution
		SolutionGuid = {750F7E12-210F-432F-AF18-91AA64977F65}
	EndGlobalSection
EndGlobal
